<?xml version="1.0" encoding="utf-8"?>
<Project ToolsVersion="4.0" xmlns="http://schemas.microsoft.com/developer/msbuild/2003">
  <ItemGroup>
    <Filter Include="Form">
      <UniqueIdentifier>{99349809-55BA-4b9d-BF79-8FDBB0286EB3}</UniqueIdentifier>
      <Extensions>ui</Extensions>
    </Filter>
    <Filter Include="Form\Generated Files">
      <UniqueIdentifier>{71ED8ED8-ACB9-4CE9-BBE1-E00B30144E11}</UniqueIdentifier>
      <Extensions>moc;h;cpp</Extensions>
      <SourceControlFiles>False</SourceControlFiles>
    </Filter>
    <Filter Include="Form\Generated Files\Debug">
      <UniqueIdentifier>{e3fbf7f5-da70-4d13-bcc9-9e3b44163ed9}</UniqueIdentifier>
      <Extensions>cpp;moc</Extensions>
      <SourceControlFiles>False</SourceControlFiles>
    </Filter>
    <Filter Include="Form\Generated Files\Release">
      <UniqueIdentifier>{55b58f0f-849e-46a5-aaf0-d12c1f3799d6}</UniqueIdentifier>
      <Extensions>cpp;moc</Extensions>
      <SourceControlFiles>False</SourceControlFiles>
    </Filter>
    <Filter Include="Form\MainForm">
      <UniqueIdentifier>{a3104699-86c2-43a7-826b-8f3976bb5e21}</UniqueIdentifier>
    </Filter>
    <Filter Include="Form\AccountAdditionForm">
      <UniqueIdentifier>{dc187417-b47a-478c-aed5-5469d308e205}</UniqueIdentifier>
    </Filter>
    <Filter Include="Source">
      <UniqueIdentifier>{d7d68cda-3d07-4ab7-b774-ddbddbaa110b}</UniqueIdentifier>
    </Filter>
  </ItemGroup>
  <ItemGroup>
    <ClCompile Include="GeneratedFiles\qrc_FunnyMapleManager.cpp">
      <Filter>Form\Generated Files</Filter>
    </ClCompile>
    <ClCompile Include="MainForm.cpp">
      <Filter>Form\MainForm</Filter>
    </ClCompile>
    <ClCompile Include="GeneratedFiles\Release\moc_MainForm.cpp">
      <Filter>Form\Generated Files\Release</Filter>
    </ClCompile>
    <ClCompile Include="AccountAdditionForm.cpp">
      <Filter>Form\AccountAdditionForm</Filter>
    </ClCompile>
    <ClCompile Include="GeneratedFiles\Release\moc_AccountAdditionForm.cpp">
      <Filter>Form\Generated Files\Release</Filter>
    </ClCompile>
    <ClCompile Include="main.cpp">
      <Filter>Source</Filter>
    </ClCompile>
    <ClCompile Include="Functor.cpp">
      <Filter>Source</Filter>
    </ClCompile>
  </ItemGroup>
  <ItemGroup>
    <CustomBuild Include="MainForm.ui">
      <Filter>Form\MainForm</Filter>
    </CustomBuild>
    <CustomBuild Include="FunnyMapleManager.qrc">
      <Filter>Form</Filter>
    </CustomBuild>
    <CustomBuild Include="MainForm.h">
      <Filter>Form\MainForm</Filter>
    </CustomBuild>
    <CustomBuild Include="AccountAdditionForm.h">
      <Filter>Form\AccountAdditionForm</Filter>
    </CustomBuild>
    <CustomBuild Include="AccountAdditionForm.ui">
      <Filter>Form\AccountAdditionForm</Filter>
    </CustomBuild>
  </ItemGroup>
  <ItemGroup>
    <ClInclude Include="GeneratedFiles\ui_MainForm.h">
      <Filter>Form\Generated Files</Filter>
    </ClInclude>
    <ClInclude Include="GeneratedFiles\ui_AccountAdditionForm.h">
      <Filter>Form\Generated Files</Filter>
    </ClInclude>
    <ClInclude Include="MultiInclude.h">
      <Filter>Source</Filter>
    </ClInclude>
    <ClInclude Include="Functor.h">
      <Filter>Source</Filter>
    </ClInclude>
  </ItemGroup>
  <ItemGroup>
    <ResourceCompile Include="FunnyMapleManager.rc">
      <Filter>Form</Filter>
    </ResourceCompile>
  </ItemGroup>
</Project>